
Microsoft Visual Studio Solution File, Format Version 12.00
# Visual Studio Version 16
VisualStudioVersion = 16.0.30804.86
MinimumVisualStudioVersion = 10.0.40219.1
Project("{9A19103F-16F7-4668-BE54-9A1E7A4F7556}") = "EducationalMaterial", "EducationalMaterial\EducationalMaterial.csproj", "{4264D531-FA7B-44F0-A6AD-EF29849A08E3}"
EndProject
Project("{FAE04EC0-301F-11D3-BF4B-00C04F79EFBC}") = "EducationalMaterialDbContext", "EducationalMaterialDbContext\EducationalMaterialDbContext.csproj", "{FA7B72F4-5D34-48E0-A3F1-2739068E1C51}"
EndProject
Project("{FAE04EC0-301F-11D3-BF4B-00C04F79EFBC}") = "EducationalMaterialData", "EducationalMaterialData\EducationalMaterialData.csproj", "{38F5ED69-E471-4DDC-90B4-1E3A7AB6DB8E}"
EndProject
Global
	GlobalSection(SolutionConfigurationPlatforms) = preSolution
		Debug|Any CPU = Debug|Any CPU
		Release|Any CPU = Release|Any CPU
	EndGlobalSection
	GlobalSection(ProjectConfigurationPlatforms) = postSolution
		{4264D531-FA7B-44F0-A6AD-EF29849A08E3}.Debug|Any CPU.ActiveCfg = Debug|Any CPU
		{4264D531-FA7B-44F0-A6AD-EF29849A08E3}.Debug|Any CPU.Build.0 = Debug|Any CPU
		{4264D531-FA7B-44F0-A6AD-EF29849A08E3}.Release|Any CPU.ActiveCfg = Release|Any CPU
		{4264D531-FA7B-44F0-A6AD-EF29849A08E3}.Release|Any CPU.Build.0 = Release|Any CPU
		{FA7B72F4-5D34-48E0-A3F1-2739068E1C51}.Debug|Any CPU.ActiveCfg = Debug|Any CPU
		{FA7B72F4-5D34-48E0-A3F1-2739068E1C51}.Debug|Any CPU.Build.0 = Debug|Any CPU
		{FA7B72F4-5D34-48E0-A3F1-2739068E1C51}.Release|Any CPU.ActiveCfg = Release|Any CPU
		{FA7B72F4-5D34-48E0-A3F1-2739068E1C51}.Release|Any CPU.Build.0 = Release|Any CPU
		{38F5ED69-E471-4DDC-90B4-1E3A7AB6DB8E}.Debug|Any CPU.ActiveCfg = Debug|Any CPU
		{38F5ED69-E471-4DDC-90B4-1E3A7AB6DB8E}.Debug|Any CPU.Build.0 = Debug|Any CPU
		{38F5ED69-E471-4DDC-90B4-1E3A7AB6DB8E}.Release|Any CPU.ActiveCfg = Release|Any CPU
		{38F5ED69-E471-4DDC-90B4-1E3A7AB6DB8E}.Release|Any CPU.Build.0 = Release|Any CPU
	EndGlobalSection
	GlobalSection(SolutionProperties) = preSolution
		HideSolutionNode = FALSE
	EndGlobalSection
	GlobalSection(ExtensibilityGlobals) = postSolution
		SolutionGuid = {88D635E7-D813-49DF-B375-1E82224B54FF}
	EndGlobalSection
EndGlobal
